
Microsoft Visual Studio Solution File, Format Version 12.00
# Visual Studio Version 17
VisualStudioVersion = 17.0.32014.148
MinimumVisualStudioVersion = 10.0.40219.1
Project("{FAE04EC0-301F-11D3-BF4B-00C04F79EFBC}") = "Kutuphane Otomasyon", "Kutuphane Otomasyon.csproj", "{F51327CE-FD05-41CA-968A-22E81A2A56B9}"
EndProject
Global
	GlobalSection(SolutionConfigurationPlatforms) = preSolution
		Debug|Any CPU = Debug|Any CPU
		Release|Any CPU = Release|Any CPU
	EndGlobalSection
	GlobalSection(ProjectConfigurationPlatforms) = postSolution
		{F51327CE-FD05-41CA-968A-22E81A2A56B9}.Debug|Any CPU.ActiveCfg = Debug|Any CPU
		{F51327CE-FD05-41CA-968A-22E81A2A56B9}.Debug|Any CPU.Build.0 = Debug|Any CPU
		{F51327CE-FD05-41CA-968A-22E81A2A56B9}.Release|Any CPU.ActiveCfg = Release|Any CPU
		{F51327CE-FD05-41CA-968A-22E81A2A56B9}.Release|Any CPU.Build.0 = Release|Any CPU
	EndGlobalSection
	GlobalSection(SolutionProperties) = preSolution
		HideSolutionNode = FALSE
	EndGlobalSection
	GlobalSection(ExtensibilityGlobals) = postSolution
		SolutionGuid = {4B85A472-F07D-4E42-AC0E-49FA3D95F100}
	EndGlobalSection
EndGlobal
